// !$*UTF8*$!
{
	archiveVersion = 1;
	classes = {
	};
	objectVersion = 55;
	objects = {

/* Begin PBXBuildFile section */
		11C3630F27902C5B00A32498 /* WhatFlower_CoreMLApp.swift in Sources */ = {isa = PBXBuildFile; fileRef = 11C3630E27902C5B00A32498 /* WhatFlower_CoreMLApp.swift */; };
		11C3631127902C5B00A32498 /* ContentView.swift in Sources */ = {isa = PBXBuildFile; fileRef = 11C3631027902C5B00A32498 /* ContentView.swift */; };
		11C3631327902C6300A32498 /* Assets.xcassets in Resources */ = {isa = PBXBuildFile; fileRef = 11C3631227902C6300A32498 /* Assets.xcassets */; };
		11C3631627902C6300A32498 /* Preview Assets.xcassets in Resources */ = {isa = PBXBuildFile; fileRef = 11C3631527902C6300A32498 /* Preview Assets.xcassets */; };
		11F13D1D27903F7A00C32E86 /* FlowerClassifier.mlmodel in Sources */ = {isa = PBXBuildFile; fileRef = 11F13D1C27903F7A00C32E86 /* FlowerClassifier.mlmodel */; };
		11F13D21279055C300C32E86 /* FlowerManager.swift in Sources */ = {isa = PBXBuildFile; fileRef = 11F13D20279055C300C32E86 /* FlowerManager.swift */; };
		11F13D2B279065EC00C32E86 /* ImagePicker.swift in Sources */ = {isa = PBXBuildFile; fileRef = 11F13D2A279065EC00C32E86 /* ImagePicker.swift */; };
		11F13D2D279078D700C32E86 /* ImagePickerCoordinator.swift in Sources */ = {isa = PBXBuildFile; fileRef = 11F13D2C279078D600C32E86 /* ImagePickerCoordinator.swift */; };
		11F13D2F2790856900C32E86 /* FlowerView.swift in Sources */ = {isa = PBXBuildFile; fileRef = 11F13D2E2790856900C32E86 /* FlowerView.swift */; };
		F079455C142F4121A0278EB7 /* Pods_WhatFlower_CoreML.framework in Frameworks */ = {isa = PBXBuildFile; fileRef = 7588DC87D0780F631E9D8807 /* Pods_WhatFlower_CoreML.framework */; };
/* End PBXBuildFile section */

/* Begin PBXFileReference section */
		11C3630B27902C5B00A32498 /* WhatFlower-CoreML.app */ = {isa = PBXFileReference; explicitFileType = wrapper.application; includeInIndex = 0; path = "WhatFlower-CoreML.app"; sourceTree = BUILT_PRODUCTS_DIR; };
		11C3630E27902C5B00A32498 /* WhatFlower_CoreMLApp.swift */ = {isa = PBXFileReference; lastKnownFileType = sourcecode.swift; path = WhatFlower_CoreMLApp.swift; sourceTree = "<group>"; };
		11C3631027902C5B00A32498 /* ContentView.swift */ = {isa = PBXFileReference; lastKnownFileType = sourcecode.swift; path = ContentView.swift; sourceTree = "<group>"; };
		11C3631227902C6300A32498 /* Assets.xcassets */ = {isa = PBXFileReference; lastKnownFileType = folder.assetcatalog; path = Assets.xcassets; sourceTree = "<group>"; };
		11C3631527902C6300A32498 /* Preview Assets.xcassets */ = {isa = PBXFileReference; lastKnownFileType = folder.assetcatalog; path = "Preview Assets.xcassets"; sourceTree = "<group>"; };
		11F13D1C27903F7A00C32E86 /* FlowerClassifier.mlmodel */ = {isa = PBXFileReference; lastKnownFileType = file.mlmodel; path = FlowerClassifier.mlmodel; sourceTree = "<group>"; };
		11F13D20279055C300C32E86 /* FlowerManager.swift */ = {isa = PBXFileReference; lastKnownFileType = sourcecode.swift; path = FlowerManager.swift; sourceTree = "<group>"; };
		11F13D2A279065EC00C32E86 /* ImagePicker.swift */ = {isa = PBXFileReference; lastKnownFileType = sourcecode.swift; path = ImagePicker.swift; sourceTree = "<group>"; };
		11F13D2C279078D600C32E86 /* ImagePickerCoordinator.swift */ = {isa = PBXFileReference; lastKnownFileType = sourcecode.swift; path = ImagePickerCoordinator.swift; sourceTree = "<group>"; };
		11F13D2E2790856900C32E86 /* FlowerView.swift */ = {isa = PBXFileReference; lastKnownFileType = sourcecode.swift; path = FlowerView.swift; sourceTree = "<group>"; };
		17BF67C75227DB0BBE67680C /* Pods-WhatFlower-CoreML.debug.xcconfig */ = {isa = PBXFileReference; includeInIndex = 1; lastKnownFileType = text.xcconfig; name = "Pods-WhatFlower-CoreML.debug.xcconfig"; path = "Target Support Files/Pods-WhatFlower-CoreML/Pods-WhatFlower-CoreML.debug.xcconfig"; sourceTree = "<group>"; };
		7588DC87D0780F631E9D8807 /* Pods_WhatFlower_CoreML.framework */ = {isa = PBXFileReference; explicitFileType = wrapper.framework; includeInIndex = 0; path = Pods_WhatFlower_CoreML.framework; sourceTree = BUILT_PRODUCTS_DIR; };
		EEC0895D9BEE754CC4AA54B8 /* Pods-WhatFlower-CoreML.release.xcconfig */ = {isa = PBXFileReference; includeInIndex = 1; lastKnownFileType = text.xcconfig; name = "Pods-WhatFlower-CoreML.release.xcconfig"; path = "Target Support Files/Pods-WhatFlower-CoreML/Pods-WhatFlower-CoreML.release.xcconfig"; sourceTree = "<group>"; };
/* End PBXFileReference section */

/* Begin PBXFrameworksBuildPhase section */
		11C3630827902C5B00A32498 /* Frameworks */ = {
			isa = PBXFrameworksBuildPhase;
			buildActionMask = 2147483647;
			files = (
				F079455C142F4121A0278EB7 /* Pods_WhatFlower_CoreML.framework in Frameworks */,
			);
			runOnlyForDeploymentPostprocessing = 0;
		};
/* End PBXFrameworksBuildPhase section */

/* Begin PBXGroup section */
		11C3630227902C5B00A32498 = {
			isa = PBXGroup;
			children = (
				11C3630D27902C5B00A32498 /* WhatFlower-CoreML */,
				11C3630C27902C5B00A32498 /* Products */,
				E4881A8A126CA13299978286 /* Pods */,
				FF0D6288C4A45B54DBCC2414 /* Frameworks */,
			);
			sourceTree = "<group>";
		};
		11C3630C27902C5B00A32498 /* Products */ = {
			isa = PBXGroup;
			children = (
				11C3630B27902C5B00A32498 /* WhatFlower-CoreML.app */,
			);
			name = Products;
			sourceTree = "<group>";
		};
		11C3630D27902C5B00A32498 /* WhatFlower-CoreML */ = {
			isa = PBXGroup;
			children = (
				11C3630E27902C5B00A32498 /* WhatFlower_CoreMLApp.swift */,
				11F13D1E2790558B00C32E86 /* Views */,
				11F13D1F2790559B00C32E86 /* Model */,
				11C3631227902C6300A32498 /* Assets.xcassets */,
				11F13D1C27903F7A00C32E86 /* FlowerClassifier.mlmodel */,
				11C3631427902C6300A32498 /* Preview Content */,
			);
			path = "WhatFlower-CoreML";
			sourceTree = "<group>";
		};
		11C3631427902C6300A32498 /* Preview Content */ = {
			isa = PBXGroup;
			children = (
				11C3631527902C6300A32498 /* Preview Assets.xcassets */,
			);
			path = "Preview Content";
			sourceTree = "<group>";
		};
		11F13D1E2790558B00C32E86 /* Views */ = {
			isa = PBXGroup;
			children = (
				11C3631027902C5B00A32498 /* ContentView.swift */,
				11F13D2A279065EC00C32E86 /* ImagePicker.swift */,
				11F13D2E2790856900C32E86 /* FlowerView.swift */,
			);
			path = Views;
			sourceTree = "<group>";
		};
		11F13D1F2790559B00C32E86 /* Model */ = {
			isa = PBXGroup;
			children = (
				11F13D20279055C300C32E86 /* FlowerManager.swift */,
				11F13D2C279078D600C32E86 /* ImagePickerCoordinator.swift */,
			);
			path = Model;
			sourceTree = "<group>";
		};
		E4881A8A126CA13299978286 /* Pods */ = {
			isa = PBXGroup;
			children = (
				17BF67C75227DB0BBE67680C /* Pods-WhatFlower-CoreML.debug.xcconfig */,
				EEC0895D9BEE754CC4AA54B8 /* Pods-WhatFlower-CoreML.release.xcconfig */,
			);
			path = Pods;
			sourceTree = "<group>";
		};
		FF0D6288C4A45B54DBCC2414 /* Frameworks */ = {
			isa = PBXGroup;
			children = (
				7588DC87D0780F631E9D8807 /* Pods_WhatFlower_CoreML.framework */,
			);
			name = Frameworks;
			sourceTree = "<group>";
		};
/* End PBXGroup section */

/* Begin PBXNativeTarget section */
		11C3630A27902C5B00A32498 /* WhatFlower-CoreML */ = {
			isa = PBXNativeTarget;
			buildConfigurationList = 11C3631927902C6300A32498 /* Build configuration list for PBXNativeTarget "WhatFlower-CoreML" */;
			buildPhases = (
				C384B907B7AD3CA842297E48 /* [CP] Check Pods Manifest.lock */,
				11C3630727902C5B00A32498 /* Sources */,
				11C3630827902C5B00A32498 /* Frameworks */,
				11C3630927902C5B00A32498 /* Resources */,
				02E95C5F7A7FAAAA83CF81A3 /* [CP] Embed Pods Frameworks */,
			);
			buildRules = (
			);
			dependencies = (
			);
			name = "WhatFlower-CoreML";
			productName = "WhatFlower-CoreML";
			productReference = 11C3630B27902C5B00A32498 /* WhatFlower-CoreML.app */;
			productType = "com.apple.product-type.application";
		};
/* End PBXNativeTarget section */

/* Begin PBXProject section */
		11C3630327902C5B00A32498 /* Project object */ = {
			isa = PBXProject;
			attributes = {
				BuildIndependentTargetsInParallel = 1;
				LastSwiftUpdateCheck = 1320;
				LastUpgradeCheck = 1320;
				TargetAttributes = {
					11C3630A27902C5B00A32498 = {
						CreatedOnToolsVersion = 13.2.1;
					};
				};
			};
			buildConfigurationList = 11C3630627902C5B00A32498 /* Build configuration list for PBXProject "WhatFlower-CoreML" */;
			compatibilityVersion = "Xcode 13.0";
			developmentRegion = en;
			hasScannedForEncodings = 0;
			knownRegions = (
				en,
				Base,
			);
			mainGroup = 11C3630227902C5B00A32498;
			productRefGroup = 11C3630C27902C5B00A32498 /* Products */;
			projectDirPath = "";
			projectRoot = "";
			targets = (
				11C3630A27902C5B00A32498 /* WhatFlower-CoreML */,
			);
		};
/* End PBXProject section */

/* Begin PBXResourcesBuildPhase section */
		11C3630927902C5B00A32498 /* Resources */ = {
			isa = PBXResourcesBuildPhase;
			buildActionMask = 2147483647;
			files = (
				11C3631627902C6300A32498 /* Preview Assets.xcassets in Resources */,
				11C3631327902C6300A32498 /* Assets.xcassets in Resources */,
			);
			runOnlyForDeploymentPostprocessing = 0;
		};
/* End PBXResourcesBuildPhase section */

/* Begin PBXShellScriptBuildPhase section */
		02E95C5F7A7FAAAA83CF81A3 /* [CP] Embed Pods Frameworks */ = {
			isa = PBXShellScriptBuildPhase;
			buildActionMask = 2147483647;
			files = (
			);
			inputFileListPaths = (
				"${PODS_ROOT}/Target Support Files/Pods-WhatFlower-CoreML/Pods-WhatFlower-CoreML-frameworks-${CONFIGURATION}-input-files.xcfilelist",
			);
			name = "[CP] Embed Pods Frameworks";
			outputFileListPaths = (
				"${PODS_ROOT}/Target Support Files/Pods-WhatFlower-CoreML/Pods-WhatFlower-CoreML-frameworks-${CONFIGURATION}-output-files.xcfilelist",
			);
			runOnlyForDeploymentPostprocessing = 0;
			shellPath = /bin/sh;
			shellScript = "\"${PODS_ROOT}/Target Support Files/Pods-WhatFlower-CoreML/Pods-WhatFlower-CoreML-frameworks.sh\"\n";
			showEnvVarsInLog = 0;
		};
		C384B907B7AD3CA842297E48 /* [CP] Check Pods Manifest.lock */ = {
			isa = PBXShellScriptBuildPhase;
			buildActionMask = 2147483647;
			files = (
			);
			inputFileListPaths = (
			);
			inputPaths = (
				"${PODS_PODFILE_DIR_PATH}/Podfile.lock",
				"${PODS_ROOT}/Manifest.lock",
			);
			name = "[CP] Check Pods Manifest.lock";
			outputFileListPaths = (
			);
			outputPaths = (
				"$(DERIVED_FILE_DIR)/Pods-WhatFlower-CoreML-checkManifestLockResult.txt",
			);
			runOnlyForDeploymentPostprocessing = 0;
			shellPath = /bin/sh;
			shellScript = "diff \"${PODS_PODFILE_DIR_PATH}/Podfile.lock\" \"${PODS_ROOT}/Manifest.lock\" > /dev/null\nif [ $? != 0 ] ; then\n    # print error to STDERR\n    echo \"error: The sandbox is not in sync with the Podfile.lock. Run 'pod install' or update your CocoaPods installation.\" >&2\n    exit 1\nfi\n# This output is used by Xcode 'outputs' to avoid re-running this script phase.\necho \"SUCCESS\" > \"${SCRIPT_OUTPUT_FILE_0}\"\n";
			showEnvVarsInLog = 0;
		};
/* End PBXShellScriptBuildPhase section */

/* Begin PBXSourcesBuildPhase section */
		11C3630727902C5B00A32498 /* Sources */ = {
			isa = PBXSourcesBuildPhase;
			buildActionMask = 2147483647;
			files = (
				11F13D21279055C300C32E86 /* FlowerManager.swift in Sources */,
				11F13D1D27903F7A00C32E86 /* FlowerClassifier.mlmodel in Sources */,
				11F13D2D279078D700C32E86 /* ImagePickerCoordinator.swift in Sources */,
				11C3631127902C5B00A32498 /* ContentView.swift in Sources */,
				11F13D2B279065EC00C32E86 /* ImagePicker.swift in Sources */,
				11F13D2F2790856900C32E86 /* FlowerView.swift in Sources */,
				11C3630F27902C5B00A32498 /* WhatFlower_CoreMLApp.swift in Sources */,
			);
			runOnlyForDeploymentPostprocessing = 0;
		};
/* End PBXSourcesBuildPhase section */

/* Begin XCBuildConfiguration section */
		11C3631727902C6300A32498 /* Debug */ = {
			isa = XCBuildConfiguration;
			buildSettings = {
				ALWAYS_SEARCH_USER_PATHS = NO;
				CLANG_ANALYZER_NONNULL = YES;
				CLANG_ANALYZER_NUMBER_OBJECT_CONVERSION = YES_AGGRESSIVE;
				CLANG_CXX_LANGUAGE_STANDARD = "gnu++17";
				CLANG_CXX_LIBRARY = "libc++";
				CLANG_ENABLE_MODULES = YES;
				CLANG_ENABLE_OBJC_ARC = YES;
				CLANG_ENABLE_OBJC_WEAK = YES;
				CLANG_WARN_BLOCK_CAPTURE_AUTORELEASING = YES;
				CLANG_WARN_BOOL_CONVERSION = YES;
				CLANG_WARN_COMMA = YES;
				CLANG_WARN_CONSTANT_CONVERSION = YES;
				CLANG_WARN_DEPRECATED_OBJC_IMPLEMENTATIONS = YES;
				CLANG_WARN_DIRECT_OBJC_ISA_USAGE = YES_ERROR;
				CLANG_WARN_DOCUMENTATION_COMMENTS = YES;
				CLANG_WARN_EMPTY_BODY = YES;
				CLANG_WARN_ENUM_CONVERSION = YES;
				CLANG_WARN_INFINITE_RECURSION = YES;
				CLANG_WARN_INT_CONVERSION = YES;
				CLANG_WARN_NON_LITERAL_NULL_CONVERSION = YES;
				CLANG_WARN_OBJC_IMPLICIT_RETAIN_SELF = YES;
				CLANG_WARN_OBJC_LITERAL_CONVERSION = YES;
				CLANG_WARN_OBJC_ROOT_CLASS = YES_ERROR;
				CLANG_WARN_QUOTED_INCLUDE_IN_FRAMEWORK_HEADER = YES;
				CLANG_WARN_RANGE_LOOP_ANALYSIS = YES;
				CLANG_WARN_STRICT_PROTOTYPES = YES;
				CLANG_WARN_SUSPICIOUS_MOVE = YES;
				CLANG_WARN_UNGUARDED_AVAILABILITY = YES_AGGRESSIVE;
				CLANG_WARN_UNREACHABLE_CODE = YES;
				CLANG_WARN__DUPLICATE_METHOD_MATCH = YES;
				COPY_PHASE_STRIP = NO;
				DEBUG_INFORMATION_FORMAT = dwarf;
				ENABLE_STRICT_OBJC_MSGSEND = YES;
				ENABLE_TESTABILITY = YES;
				GCC_C_LANGUAGE_STANDARD = gnu11;
				GCC_DYNAMIC_NO_PIC = NO;
				GCC_NO_COMMON_BLOCKS = YES;
				GCC_OPTIMIZATION_LEVEL = 0;
				GCC_PREPROCESSOR_DEFINITIONS = (
					"DEBUG=1",
					"$(inherited)",
				);
				GCC_WARN_64_TO_32_BIT_CONVERSION = YES;
				GCC_WARN_ABOUT_RETURN_TYPE = YES_ERROR;
				GCC_WARN_UNDECLARED_SELECTOR = YES;
				GCC_WARN_UNINITIALIZED_AUTOS = YES_AGGRESSIVE;
				GCC_WARN_UNUSED_FUNCTION = YES;
				GCC_WARN_UNUSED_VARIABLE = YES;
				IPHONEOS_DEPLOYMENT_TARGET = 15.2;
				MTL_ENABLE_DEBUG_INFO = INCLUDE_SOURCE;
				MTL_FAST_MATH = YES;
				ONLY_ACTIVE_ARCH = YES;
				SDKROOT = iphoneos;
				SWIFT_ACTIVE_COMPILATION_CONDITIONS = DEBUG;
				SWIFT_OPTIMIZATION_LEVEL = "-Onone";
			};
			name = Debug;
		};
		11C3631827902C6300A32498 /* Release */ = {
			isa = XCBuildConfiguration;
			buildSettings = {
				ALWAYS_SEARCH_USER_PATHS = NO;
				CLANG_ANALYZER_NONNULL = YES;
				CLANG_ANALYZER_NUMBER_OBJECT_CONVERSION = YES_AGGRESSIVE;
				CLANG_CXX_LANGUAGE_STANDARD = "gnu++17";
				CLANG_CXX_LIBRARY = "libc++";
				CLANG_ENABLE_MODULES = YES;
				CLANG_ENABLE_OBJC_ARC = YES;
				CLANG_ENABLE_OBJC_WEAK = YES;
				CLANG_WARN_BLOCK_CAPTURE_AUTORELEASING = YES;
				CLANG_WARN_BOOL_CONVERSION = YES;
				CLANG_WARN_COMMA = YES;
				CLANG_WARN_CONSTANT_CONVERSION = YES;
				CLANG_WARN_DEPRECATED_OBJC_IMPLEMENTATIONS = YES;
				CLANG_WARN_DIRECT_OBJC_ISA_USAGE = YES_ERROR;
				CLANG_WARN_DOCUMENTATION_COMMENTS = YES;
				CLANG_WARN_EMPTY_BODY = YES;
				CLANG_WARN_ENUM_CONVERSION = YES;
				CLANG_WARN_INFINITE_RECURSION = YES;
				CLANG_WARN_INT_CONVERSION = YES;
				CLANG_WARN_NON_LITERAL_NULL_CONVERSION = YES;
				CLANG_WARN_OBJC_IMPLICIT_RETAIN_SELF = YES;
				CLANG_WARN_OBJC_LITERAL_CONVERSION = YES;
				CLANG_WARN_OBJC_ROOT_CLASS = YES_ERROR;
				CLANG_WARN_QUOTED_INCLUDE_IN_FRAMEWORK_HEADER = YES;
				CLANG_WARN_RANGE_LOOP_ANALYSIS = YES;
				CLANG_WARN_STRICT_PROTOTYPES = YES;
				CLANG_WARN_SUSPICIOUS_MOVE = YES;
				CLANG_WARN_UNGUARDED_AVAILABILITY = YES_AGGRESSIVE;
				CLANG_WARN_UNREACHABLE_CODE = YES;
				CLANG_WARN__DUPLICATE_METHOD_MATCH = YES;
				COPY_PHASE_STRIP = NO;
				DEBUG_INFORMATION_FORMAT = "dwarf-with-dsym";
				ENABLE_NS_ASSERTIONS = NO;
				ENABLE_STRICT_OBJC_MSGSEND = YES;
				GCC_C_LANGUAGE_STANDARD = gnu11;
				GCC_NO_COMMON_BLOCKS = YES;
				GCC_WARN_64_TO_32_BIT_CONVERSION = YES;
				GCC_WARN_ABOUT_RETURN_TYPE = YES_ERROR;
				GCC_WARN_UNDECLARED_SELECTOR = YES;
				GCC_WARN_UNINITIALIZED_AUTOS = YES_AGGRESSIVE;
				GCC_WARN_UNUSED_FUNCTION = YES;
				GCC_WARN_UNUSED_VARIABLE = YES;
				IPHONEOS_DEPLOYMENT_TARGET = 15.2;
				MTL_ENABLE_DEBUG_INFO = NO;
				MTL_FAST_MATH = YES;
				SDKROOT = iphoneos;
				SWIFT_COMPILATION_MODE = wholemodule;
				SWIFT_OPTIMIZATION_LEVEL = "-O";
				VALIDATE_PRODUCT = YES;
			};
			name = Release;
		};
		11C3631A27902C6300A32498 /* Debug */ = {
			isa = XCBuildConfiguration;
			baseConfigurationReference = 17BF67C75227DB0BBE67680C /* Pods-WhatFlower-CoreML.debug.xcconfig */;
			buildSettings = {
				ASSETCATALOG_COMPILER_APPICON_NAME = AppIcon;
				ASSETCATALOG_COMPILER_GLOBAL_ACCENT_COLOR_NAME = AccentColor;
				CODE_SIGN_STYLE = Automatic;
				CURRENT_PROJECT_VERSION = 1;
				DEVELOPMENT_ASSET_PATHS = "\"WhatFlower-CoreML/Preview Content\"";
				DEVELOPMENT_TEAM = 78C9PH79UB;
				ENABLE_PREVIEWS = YES;
				GENERATE_INFOPLIST_FILE = YES;
				INFOPLIST_KEY_NSCameraUsageDescription = "To be able to recognize images - access to the camera is required";
				INFOPLIST_KEY_UIApplicationSceneManifest_Generation = YES;
				INFOPLIST_KEY_UIApplicationSupportsIndirectInputEvents = YES;
				INFOPLIST_KEY_UILaunchScreen_Generation = YES;
				INFOPLIST_KEY_UISupportedInterfaceOrientations_iPad = "UIInterfaceOrientationPortrait UIInterfaceOrientationPortraitUpsideDown UIInterfaceOrientationLandscapeLeft UIInterfaceOrientationLandscapeRight";
				INFOPLIST_KEY_UISupportedInterfaceOrientations_iPhone = "UIInterfaceOrientationPortrait UIInterfaceOrientationLandscapeLeft UIInterfaceOrientationLandscapeRight";
				LD_RUNPATH_SEARCH_PATHS = (
					"$(inherited)",
					"@executable_path/Frameworks",
				);
				MARKETING_VERSION = 1.0;
				PRODUCT_BUNDLE_IDENTIFIER = "senyuk.WhatFlower-CoreML";
				PRODUCT_NAME = "$(TARGET_NAME)";
				SWIFT_EMIT_LOC_STRINGS = YES;
				SWIFT_VERSION = 5.0;
				TARGETED_DEVICE_FAMILY = "1,2";
			};
			name = Debug;
		};
		11C3631B27902C6300A32498 /* Release */ = {
			isa = XCBuildConfiguration;
			baseConfigurationReference = EEC0895D9BEE754CC4AA54B8 /* Pods-WhatFlower-CoreML.release.xcconfig */;
			buildSettings = {
				ASSETCATALOG_COMPILER_APPICON_NAME = AppIcon;
				ASSETCATALOG_COMPILER_GLOBAL_ACCENT_COLOR_NAME = AccentColor;
				CODE_SIGN_STYLE = Automatic;
				CURRENT_PROJECT_VERSION = 1;
				DEVELOPMENT_ASSET_PATHS = "\"WhatFlower-CoreML/Preview Content\"";
				DEVELOPMENT_TEAM = 78C9PH79UB;
				ENABLE_PREVIEWS = YES;
				GENERATE_INFOPLIST_FILE = YES;
				INFOPLIST_KEY_NSCameraUsageDescription = "To be able to recognize images - access to the camera is required";
				INFOPLIST_KEY_UIApplicationSceneManifest_Generation = YES;
				INFOPLIST_KEY_UIApplicationSupportsIndirectInputEvents = YES;
				INFOPLIST_KEY_UILaunchScreen_Generation = YES;
				INFOPLIST_KEY_UISupportedInterfaceOrientations_iPad = "UIInterfaceOrientationPortrait UIInterfaceOrientationPortraitUpsideDown UIInterfaceOrientationLandscapeLeft UIInterfaceOrientationLandscapeRight";
				INFOPLIST_KEY_UISupportedInterfaceOrientations_iPhone = "UIInterfaceOrientationPortrait UIInterfaceOrientationLandscapeLeft UIInterfaceOrientationLandscapeRight";
				LD_RUNPATH_SEARCH_PATHS = (
					"$(inherited)",
					"@executable_path/Frameworks",
				);
				MARKETING_VERSION = 1.0;
				PRODUCT_BUNDLE_IDENTIFIER = "senyuk.WhatFlower-CoreML";
				PRODUCT_NAME = "$(TARGET_NAME)";
				SWIFT_EMIT_LOC_STRINGS = YES;
				SWIFT_VERSION = 5.0;
				TARGETED_DEVICE_FAMILY = "1,2";
			};
			name = Release;
		};
/* End XCBuildConfiguration section */

/* Begin XCConfigurationList section */
		11C3630627902C5B00A32498 /* Build configuration list for PBXProject "WhatFlower-CoreML" */ = {
			isa = XCConfigurationList;
			buildConfigurations = (
				11C3631727902C6300A32498 /* Debug */,
				11C3631827902C6300A32498 /* Release */,
			);
			defaultConfigurationIsVisible = 0;
			defaultConfigurationName = Release;
		};
		11C3631927902C6300A32498 /* Build configuration list for PBXNativeTarget "WhatFlower-CoreML" */ = {
			isa = XCConfigurationList;
			buildConfigurations = (
				11C3631A27902C6300A32498 /* Debug */,
				11C3631B27902C6300A32498 /* Release */,
			);
			defaultConfigurationIsVisible = 0;
			defaultConfigurationName = Release;
		};
/* End XCConfigurationList section */
	};
	rootObject = 11C3630327902C5B00A32498 /* Project object */;
}
